# This file is autogenerated, do not edit; changes may be undone by the next 'dep ensure'.


[[projects]]
  name = "github.com/bazelbuild/bazel-gazelle"
  packages = [
    "cmd/gazelle",
    "internal/config",
    "internal/flag",
    "internal/label",
    "internal/language",
    "internal/language/go",
    "internal/language/proto",
    "internal/merger",
    "internal/pathtools",
    "internal/repos",
    "internal/resolve",
    "internal/rule",
    "internal/version",
    "internal/walk",
    "internal/wspace"
  ]
  revision = "6a1b93cc9b1c7e55e7d05a6d324bcf9d87ea3ab1"
  version = "0.14.0"

[[projects]]
  name = "github.com/bazelbuild/buildtools"
  packages = [
    "build",
    "tables"
  ]
  revision = "4a7914a1466ff7388c934bfcd43a3852928536f6"
  version = "0.15.0"

[[projects]]
  branch = "master"
  name = "github.com/golang/glog"
  packages = ["."]
  revision = "23def4e6c14b4da8ac2ed8007337bc5eb5007998"

[[projects]]
  name = "github.com/pelletier/go-toml"
  packages = ["."]
  revision = "acdc4509485b587f5e675510c4f2c63e90ff68a8"
  version = "v1.1.0"

[[projects]]
  branch = "master"
  name = "golang.org/x/build"
  packages = ["pargzip"]
  revision = "125f04e1fc4b4cbfed95e5dd72a435fcb3847608"

[[projects]]
  branch = "master"
  name = "golang.org/x/tools"
  packages = ["go/vcs"]
  revision = "77106db15f689a60e7d4e085d967ac557b918fb2"

[solve-meta]
  analyzer-name = "dep"
  analyzer-version = 1
  inputs-digest = "0541cec01681176edbbea9a014fad14f9e572ec4b010872f969397ac478eb64e"
  solver-name = "gps-cdcl"
  solver-version = 1
